{
  "name": "json-xml",
  "version": "1.0.0",
  "lockfileVersion": 2,
  "requires": true,
  "packages": {
    "": {
      "name": "json-xml",
      "version": "1.0.0",
      "license": "MIT",
      "dependencies": {
        "@xmldom/xmldom": "^0.8.0"
      }
    },
    "node_modules/@xmldom/xmldom": {
      "version": "0.8.4",
      "resolved": "https://registry.npmjs.org/@xmldom/xmldom/-/xmldom-0.8.4.tgz",
      "integrity": "sha512-JIsjTbWBWJHb2t1D4UNZIJ6ohlRYCdoGzeHSzTorMH2zOq3UKlSBzFBMBdFK3xnUD/ANHw/SUzl/vx0z0JrqRw==",
      "engines": {
        "node": ">=10.0.0"
      }
    }
  },
  "dependencies": {
    "@xmldom/xmldom": {
      "version": "0.8.4",
      "resolved": "https://registry.npmjs.org/@xmldom/xmldom/-/xmldom-0.8.4.tgz",
      "integrity": "sha512-JIsjTbWBWJHb2t1D4UNZIJ6ohlRYCdoGzeHSzTorMH2zOq3UKlSBzFBMBdFK3xnUD/ANHw/SUzl/vx0z0JrqRw=="
    }
  }
}
