# This file was autogenerated by Stack.
# You should not edit this file by hand.
# For more information, please see the documentation at:
#   https://docs.haskellstack.org/en/stable/lock_files

packages:
- completed:
    hackage: HDBC-postgresql-2.3.2.6@sha256:6e1636b0414ae7b028a01f1a90cf3e28c14f1df7867cf2615d5357d9abcd6279,3164
    pantry-tree:
      size: 1740
      sha256: 447f1893e85d46f3f1c5e8b43ed46e4ff9563223c2ae0b6b78de624a9f0563c1
  original:
    hackage: HDBC-postgresql-2.3.2.6@sha256:6e1636b0414ae7b028a01f1a90cf3e28c14f1df7867cf2615d5357d9abcd6279,3164
snapshots:
- completed:
    size: 524996
    url: https://raw.githubusercontent.com/commercialhaskell/stackage-snapshots/master/lts/14/27.yaml
    sha256: 7ea31a280c56bf36ff591a7397cc384d0dff622e7f9e4225b47d8980f019a0f0
  original: lts-14.27
