{
  "name": "chat-node-client",
  "version": "1.0.0",
  "lockfileVersion": 1,
  "requires": true,
  "dependencies": {
    "atmosphere.js": {
      "version": "2.3.3",
      "resolved": "https://registry.npmjs.org/atmosphere.js/-/atmosphere.js-2.3.3.tgz",
      "integrity": "sha1-ZDE8Ia+EGDXe854GIl80k7RszkQ=",
      "requires": {
        "eventsource": "^0.1.6",
        "ws": "^1.0.1",
        "xmlhttprequest": "^1.8.0"
      }
    },
    "eventsource": {
      "version": "0.1.6",
      "resolved": "https://registry.npmjs.org/eventsource/-/eventsource-0.1.6.tgz",
      "integrity": "sha1-Cs7ehJ7X3RzMMsgRuxG5RNTykjI=",
      "requires": {
        "original": ">=0.0.5"
      }
    },
    "options": {
      "version": "0.0.6",
      "resolved": "https://registry.npmjs.org/options/-/options-0.0.6.tgz",
      "integrity": "sha1-7CLTEoBrtT5zF3Pnza788cZDEo8="
    },
    "original": {
      "version": "1.0.1",
      "resolved": "https://registry.npmjs.org/original/-/original-1.0.1.tgz",
      "integrity": "sha512-IEvtB5vM5ULvwnqMxWBLxkS13JIEXbakizMSo3yoPNPCIWzg8TG3Usn/UhXoZFM/m+FuEA20KdzPSFq/0rS+UA==",
      "requires": {
        "url-parse": "~1.4.0"
      }
    },
    "querystringify": {
      "version": "2.1.1",
      "resolved": "https://registry.npmjs.org/querystringify/-/querystringify-2.1.1.tgz",
      "integrity": "sha512-w7fLxIRCRT7U8Qu53jQnJyPkYZIaR4n5151KMfcJlO/A9397Wxb1amJvROTK6TOnp7PfoAmg/qXiNHI+08jRfA=="
    },
    "requires-port": {
      "version": "1.0.0",
      "resolved": "https://registry.npmjs.org/requires-port/-/requires-port-1.0.0.tgz",
      "integrity": "sha1-kl0mAdOaxIXgkc8NpcbmlNw9yv8="
    },
    "ultron": {
      "version": "1.0.2",
      "resolved": "https://registry.npmjs.org/ultron/-/ultron-1.0.2.tgz",
      "integrity": "sha1-rOEWq1V80Zc4ak6I9GhTeMiy5Po="
    },
    "url-parse": {
      "version": "1.4.7",
      "resolved": "https://registry.npmjs.org/url-parse/-/url-parse-1.4.7.tgz",
      "integrity": "sha512-d3uaVyzDB9tQoSXFvuSUNFibTd9zxd2bkVrDRvF5TmvWWQwqE4lgYJ5m+x1DbecWkw+LK4RNl2CU1hHuOKPVlg==",
      "requires": {
        "querystringify": "^2.1.1",
        "requires-port": "^1.0.0"
      }
    },
    "ws": {
      "version": "1.1.5",
      "resolved": "https://registry.npmjs.org/ws/-/ws-1.1.5.tgz",
      "integrity": "sha512-o3KqipXNUdS7wpQzBHSe180lBGO60SoK0yVo3CYJgb2MkobuWuBX6dhkYP5ORCLd55y+SaflMOV5fqAB53ux4w==",
      "requires": {
        "options": ">=0.0.5",
        "ultron": "1.0.x"
      }
    },
    "xmlhttprequest": {
      "version": "1.8.0",
      "resolved": "https://registry.npmjs.org/xmlhttprequest/-/xmlhttprequest-1.8.0.tgz",
      "integrity": "sha1-Z/4HXFwk/vOfnWX197f+dRcZaPw="
    }
  }
}
